dependencies:
  espressif/esp-zboss-lib:
    dependencies: []
    source:
      path: /Users/zaneclaes/esp/auto-plant-waterer/managed_components/espressif__esp-zboss-lib
      type: local
    version: 1.6.4
  espressif/esp-zigbee-lib:
    dependencies: []
    source:
      path: /Users/zaneclaes/esp/auto-plant-waterer/managed_components/espressif__esp-zigbee-lib
      type: local
    version: 1.6.8
  espressif/mdns:
    dependencies: []
    source:
      path: /Users/zaneclaes/esp/auto-plant-waterer/managed_components/espressif__mdns
      type: local
    version: 1.9.1
  idf:
    source:
      type: idf
    version: 5.5.1
direct_dependencies:
- espressif/esp-zboss-lib
- espressif/esp-zigbee-lib
- espressif/mdns
- idf
manifest_hash: fb16bcc5d5ede2d027e0a65140a4d1646a97440e3d0898028695d7ca5934e973
target: esp32c6
version: 2.0.0
