dependencies:
  espp/base_component:
    dependencies: []
    source:
      path: /Users/zaneclaes/esp/auto-plant-waterer/managed_components/espp__base_component
      type: local
    version: 1.0.33
  espp/base_peripheral:
    dependencies: []
    source:
      path: /Users/zaneclaes/esp/auto-plant-waterer/managed_components/espp__base_peripheral
      type: local
    version: 1.0.33
  espp/format:
    dependencies: []
    source:
      path: /Users/zaneclaes/esp/auto-plant-waterer/managed_components/espp__format
      type: local
    version: 1.0.33
  espp/logger:
    dependencies: []
    source:
      path: /Users/zaneclaes/esp/auto-plant-waterer/managed_components/espp__logger
      type: local
    version: 1.0.33
  espp/vl53l:
    dependencies: []
    source:
      path: /Users/zaneclaes/esp/auto-plant-waterer/managed_components/espp__vl53l
      type: local
    version: 1.0.33
  espressif/esp-zboss-lib:
    dependencies: []
    source:
      path: /Users/zaneclaes/esp/auto-plant-waterer/managed_components/espressif__esp-zboss-lib
      type: local
    version: 1.6.4
  espressif/esp-zigbee-lib:
    dependencies: []
    source:
      path: /Users/zaneclaes/esp/auto-plant-waterer/managed_components/espressif__esp-zigbee-lib
      type: local
    version: 1.6.8
  espressif/mdns:
    dependencies: []
    source:
      path: /Users/zaneclaes/esp/auto-plant-waterer/managed_components/espressif__mdns
      type: local
    version: 1.9.1
  idf:
    source:
      type: idf
    version: 5.5.1
direct_dependencies:
- espp/base_component
- espp/base_peripheral
- espp/format
- espp/logger
- espp/vl53l
- espressif/esp-zboss-lib
- espressif/esp-zigbee-lib
- espressif/mdns
- idf
manifest_hash: 79e977b305a862793eff5216eb90c873f11eb2b308c599f3bfe76e223dcc5226
target: esp32c6
version: 2.0.0
