dependencies:
  espressif/mdns:
    component_hash: 29e47564b1a7ee778135e17fbbf2a2773f71c97ebabfe626c8eda7c958a7ad16
    dependencies:
    - name: idf
      require: private
      version: '>=5.0'
    source:
      registry_url: https://components.espressif.com/
      type: service
    version: 1.9.1
  idf:
    source:
      type: idf
    version: 5.5.1
direct_dependencies:
- espressif/mdns
- idf
manifest_hash: 6009cc9e71470c3a26c956f6d86b371f908d88d3868747f5e4fa8f122402673f
target: esp32c6
version: 2.0.0
